
Microsoft Visual Studio Solution File, Format Version 12.00
# Visual Studio 15
VisualStudioVersion = 15.0.27130.2024
MinimumVisualStudioVersion = 10.0.40219.1
Project("{FAE04EC0-301F-11D3-BF4B-00C04F79EFBC}") = "DroneLander.Android", "DroneLander\DroneLander.Android\DroneLander.Android.csproj", "{68D2468D-779B-45A4-BE46-BC94A5A577CB}"
EndProject
Project("{FAE04EC0-301F-11D3-BF4B-00C04F79EFBC}") = "DroneLander.iOS", "DroneLander\DroneLander.iOS\DroneLander.iOS.csproj", "{AA34C7CE-8181-4C24-B996-531091F32350}"
EndProject
Project("{FAE04EC0-301F-11D3-BF4B-00C04F79EFBC}") = "DroneLander.UWP", "DroneLander\DroneLander.UWP\DroneLander.UWP.csproj", "{60FB2BB9-6CB9-4E53-BA1A-81E1836BE4A0}"
EndProject
Project("{FAE04EC0-301F-11D3-BF4B-00C04F79EFBC}") = "DroneLander", "DroneLander\DroneLander\DroneLander.csproj", "{406E6941-62AA-45D7-B60B-0E184895F05D}"
EndProject
Global
	GlobalSection(SolutionConfigurationPlatforms) = preSolution
		Ad-Hoc|Any CPU = Ad-Hoc|Any CPU
		Ad-Hoc|ARM = Ad-Hoc|ARM
		Ad-Hoc|iPhone = Ad-Hoc|iPhone
		Ad-Hoc|iPhoneSimulator = Ad-Hoc|iPhoneSimulator
		Ad-Hoc|x64 = Ad-Hoc|x64
		Ad-Hoc|x86 = Ad-Hoc|x86
		AppStore|Any CPU = AppStore|Any CPU
		AppStore|ARM = AppStore|ARM
		AppStore|iPhone = AppStore|iPhone
		AppStore|iPhoneSimulator = AppStore|iPhoneSimulator
		AppStore|x64 = AppStore|x64
		AppStore|x86 = AppStore|x86
		Debug|Any CPU = Debug|Any CPU
		Debug|ARM = Debug|ARM
		Debug|iPhone = Debug|iPhone
		Debug|iPhoneSimulator = Debug|iPhoneSimulator
		Debug|x64 = Debug|x64
		Debug|x86 = Debug|x86
		Release|Any CPU = Release|Any CPU
		Release|ARM = Release|ARM
		Release|iPhone = Release|iPhone
		Release|iPhoneSimulator = Release|iPhoneSimulator
		Release|x64 = Release|x64
		Release|x86 = Release|x86
	EndGlobalSection
	GlobalSection(ProjectConfigurationPlatforms) = postSolution
		{68D2468D-779B-45A4-BE46-BC94A5A577CB}.Ad-Hoc|Any CPU.ActiveCfg = Release|Any CPU
		{68D2468D-779B-45A4-BE46-BC94A5A577CB}.Ad-Hoc|Any CPU.Build.0 = Release|Any CPU
		{68D2468D-779B-45A4-BE46-BC94A5A577CB}.Ad-Hoc|Any CPU.Deploy.0 = Release|Any CPU
		{68D2468D-779B-45A4-BE46-BC94A5A577CB}.Ad-Hoc|ARM.ActiveCfg = Release|Any CPU
		{68D2468D-779B-45A4-BE46-BC94A5A577CB}.Ad-Hoc|ARM.Build.0 = Release|Any CPU
		{68D2468D-779B-45A4-BE46-BC94A5A577CB}.Ad-Hoc|ARM.Deploy.0 = Release|Any CPU
		{68D2468D-779B-45A4-BE46-BC94A5A577CB}.Ad-Hoc|iPhone.ActiveCfg = Release|Any CPU
		{68D2468D-779B-45A4-BE46-BC94A5A577CB}.Ad-Hoc|iPhone.Build.0 = Release|Any CPU
		{68D2468D-779B-45A4-BE46-BC94A5A577CB}.Ad-Hoc|iPhone.Deploy.0 = Release|Any CPU
		{68D2468D-779B-45A4-BE46-BC94A5A577CB}.Ad-Hoc|iPhoneSimulator.ActiveCfg = Release|Any CPU
		{68D2468D-779B-45A4-BE46-BC94A5A577CB}.Ad-Hoc|iPhoneSimulator.Build.0 = Release|Any CPU
		{68D2468D-779B-45A4-BE46-BC94A5A577CB}.Ad-Hoc|iPhoneSimulator.Deploy.0 = Release|Any CPU
		{68D2468D-779B-45A4-BE46-BC94A5A577CB}.Ad-Hoc|x64.ActiveCfg = Release|Any CPU
		{68D2468D-779B-45A4-BE46-BC94A5A577CB}.Ad-Hoc|x64.Build.0 = Release|Any CPU
		{68D2468D-779B-45A4-BE46-BC94A5A577CB}.Ad-Hoc|x64.Deploy.0 = Release|Any CPU
		{68D2468D-779B-45A4-BE46-BC94A5A577CB}.Ad-Hoc|x86.ActiveCfg = Release|Any CPU
		{68D2468D-779B-45A4-BE46-BC94A5A577CB}.Ad-Hoc|x86.Build.0 = Release|Any CPU
		{68D2468D-779B-45A4-BE46-BC94A5A577CB}.Ad-Hoc|x86.Deploy.0 = Release|Any CPU
		{68D2468D-779B-45A4-BE46-BC94A5A577CB}.AppStore|Any CPU.ActiveCfg = Release|Any CPU
		{68D2468D-779B-45A4-BE46-BC94A5A577CB}.AppStore|Any CPU.Build.0 = Release|Any CPU
		{68D2468D-779B-45A4-BE46-BC94A5A577CB}.AppStore|Any CPU.Deploy.0 = Release|Any CPU
		{68D2468D-779B-45A4-BE46-BC94A5A577CB}.AppStore|ARM.ActiveCfg = Release|Any CPU
		{68D2468D-779B-45A4-BE46-BC94A5A577CB}.AppStore|ARM.Build.0 = Release|Any CPU
		{68D2468D-779B-45A4-BE46-BC94A5A577CB}.AppStore|ARM.Deploy.0 = Release|Any CPU
		{68D2468D-779B-45A4-BE46-BC94A5A577CB}.AppStore|iPhone.ActiveCfg = Release|Any CPU
		{68D2468D-779B-45A4-BE46-BC94A5A577CB}.AppStore|iPhone.Build.0 = Release|Any CPU
		{68D2468D-779B-45A4-BE46-BC94A5A577CB}.AppStore|iPhone.Deploy.0 = Release|Any CPU
		{68D2468D-779B-45A4-BE46-BC94A5A577CB}.AppStore|iPhoneSimulator.ActiveCfg = Release|Any CPU
		{68D2468D-779B-45A4-BE46-BC94A5A577CB}.AppStore|iPhoneSimulator.Build.0 = Release|Any CPU
		{68D2468D-779B-45A4-BE46-BC94A5A577CB}.AppStore|iPhoneSimulator.Deploy.0 = Release|Any CPU
		{68D2468D-779B-45A4-BE46-BC94A5A577CB}.AppStore|x64.ActiveCfg = Release|Any CPU
		{68D2468D-779B-45A4-BE46-BC94A5A577CB}.AppStore|x64.Build.0 = Release|Any CPU
		{68D2468D-779B-45A4-BE46-BC94A5A577CB}.AppStore|x64.Deploy.0 = Release|Any CPU
		{68D2468D-779B-45A4-BE46-BC94A5A577CB}.AppStore|x86.ActiveCfg = Release|Any CPU
		{68D2468D-779B-45A4-BE46-BC94A5A577CB}.AppStore|x86.Build.0 = Release|Any CPU
		{68D2468D-779B-45A4-BE46-BC94A5A577CB}.AppStore|x86.Deploy.0 = Release|Any CPU
		{68D2468D-779B-45A4-BE46-BC94A5A577CB}.Debug|Any CPU.ActiveCfg = Debug|Any CPU
		{68D2468D-779B-45A4-BE46-BC94A5A577CB}.Debug|Any CPU.Build.0 = Debug|Any CPU
		{68D2468D-779B-45A4-BE46-BC94A5A577CB}.Debug|Any CPU.Deploy.0 = Debug|Any CPU
		{68D2468D-779B-45A4-BE46-BC94A5A577CB}.Debug|ARM.ActiveCfg = Debug|Any CPU
		{68D2468D-779B-45A4-BE46-BC94A5A577CB}.Debug|ARM.Build.0 = Debug|Any CPU
		{68D2468D-779B-45A4-BE46-BC94A5A577CB}.Debug|ARM.Deploy.0 = Debug|Any CPU
		{68D2468D-779B-45A4-BE46-BC94A5A577CB}.Debug|iPhone.ActiveCfg = Debug|Any CPU
		{68D2468D-779B-45A4-BE46-BC94A5A577CB}.Debug|iPhone.Build.0 = Debug|Any CPU
		{68D2468D-779B-45A4-BE46-BC94A5A577CB}.Debug|iPhone.Deploy.0 = Debug|Any CPU
		{68D2468D-779B-45A4-BE46-BC94A5A577CB}.Debug|iPhoneSimulator.ActiveCfg = Debug|Any CPU
		{68D2468D-779B-45A4-BE46-BC94A5A577CB}.Debug|iPhoneSimulator.Build.0 = Debug|Any CPU
		{68D2468D-779B-45A4-BE46-BC94A5A577CB}.Debug|iPhoneSimulator.Deploy.0 = Debug|Any CPU
		{68D2468D-779B-45A4-BE46-BC94A5A577CB}.Debug|x64.ActiveCfg = Debug|Any CPU
		{68D2468D-779B-45A4-BE46-BC94A5A577CB}.Debug|x64.Build.0 = Debug|Any CPU
		{68D2468D-779B-45A4-BE46-BC94A5A577CB}.Debug|x64.Deploy.0 = Debug|Any CPU
		{68D2468D-779B-45A4-BE46-BC94A5A577CB}.Debug|x86.ActiveCfg = Debug|Any CPU
		{68D2468D-779B-45A4-BE46-BC94A5A577CB}.Debug|x86.Build.0 = Debug|Any CPU
		{68D2468D-779B-45A4-BE46-BC94A5A577CB}.Debug|x86.Deploy.0 = Debug|Any CPU
		{68D2468D-779B-45A4-BE46-BC94A5A577CB}.Release|Any CPU.ActiveCfg = Release|Any CPU
		{68D2468D-779B-45A4-BE46-BC94A5A577CB}.Release|Any CPU.Build.0 = Release|Any CPU
		{68D2468D-779B-45A4-BE46-BC94A5A577CB}.Release|Any CPU.Deploy.0 = Release|Any CPU
		{68D2468D-779B-45A4-BE46-BC94A5A577CB}.Release|ARM.ActiveCfg = Release|Any CPU
		{68D2468D-779B-45A4-BE46-BC94A5A577CB}.Release|ARM.Build.0 = Release|Any CPU
		{68D2468D-779B-45A4-BE46-BC94A5A577CB}.Release|ARM.Deploy.0 = Release|Any CPU
		{68D2468D-779B-45A4-BE46-BC94A5A577CB}.Release|iPhone.ActiveCfg = Release|Any CPU
		{68D2468D-779B-45A4-BE46-BC94A5A577CB}.Release|iPhone.Build.0 = Release|Any CPU
		{68D2468D-779B-45A4-BE46-BC94A5A577CB}.Release|iPhone.Deploy.0 = Release|Any CPU
		{68D2468D-779B-45A4-BE46-BC94A5A577CB}.Release|iPhoneSimulator.ActiveCfg = Release|Any CPU
		{68D2468D-779B-45A4-BE46-BC94A5A577CB}.Release|iPhoneSimulator.Build.0 = Release|Any CPU
		{68D2468D-779B-45A4-BE46-BC94A5A577CB}.Release|iPhoneSimulator.Deploy.0 = Release|Any CPU
		{68D2468D-779B-45A4-BE46-BC94A5A577CB}.Release|x64.ActiveCfg = Release|Any CPU
		{68D2468D-779B-45A4-BE46-BC94A5A577CB}.Release|x64.Build.0 = Release|Any CPU
		{68D2468D-779B-45A4-BE46-BC94A5A577CB}.Release|x64.Deploy.0 = Release|Any CPU
		{68D2468D-779B-45A4-BE46-BC94A5A577CB}.Release|x86.ActiveCfg = Release|Any CPU
		{68D2468D-779B-45A4-BE46-BC94A5A577CB}.Release|x86.Build.0 = Release|Any CPU
		{68D2468D-779B-45A4-BE46-BC94A5A577CB}.Release|x86.Deploy.0 = Release|Any CPU
		{AA34C7CE-8181-4C24-B996-531091F32350}.Ad-Hoc|Any CPU.ActiveCfg = Ad-Hoc|iPhone
		{AA34C7CE-8181-4C24-B996-531091F32350}.Ad-Hoc|ARM.ActiveCfg = Ad-Hoc|iPhone
		{AA34C7CE-8181-4C24-B996-531091F32350}.Ad-Hoc|iPhone.ActiveCfg = Ad-Hoc|iPhone
		{AA34C7CE-8181-4C24-B996-531091F32350}.Ad-Hoc|iPhone.Build.0 = Ad-Hoc|iPhone
		{AA34C7CE-8181-4C24-B996-531091F32350}.Ad-Hoc|iPhoneSimulator.ActiveCfg = Ad-Hoc|iPhoneSimulator
		{AA34C7CE-8181-4C24-B996-531091F32350}.Ad-Hoc|iPhoneSimulator.Build.0 = Ad-Hoc|iPhoneSimulator
		{AA34C7CE-8181-4C24-B996-531091F32350}.Ad-Hoc|x64.ActiveCfg = Ad-Hoc|iPhone
		{AA34C7CE-8181-4C24-B996-531091F32350}.Ad-Hoc|x86.ActiveCfg = Ad-Hoc|iPhone
		{AA34C7CE-8181-4C24-B996-531091F32350}.AppStore|Any CPU.ActiveCfg = AppStore|iPhone
		{AA34C7CE-8181-4C24-B996-531091F32350}.AppStore|ARM.ActiveCfg = AppStore|iPhone
		{AA34C7CE-8181-4C24-B996-531091F32350}.AppStore|iPhone.ActiveCfg = AppStore|iPhone
		{AA34C7CE-8181-4C24-B996-531091F32350}.AppStore|iPhone.Build.0 = AppStore|iPhone
		{AA34C7CE-8181-4C24-B996-531091F32350}.AppStore|iPhoneSimulator.ActiveCfg = AppStore|iPhoneSimulator
		{AA34C7CE-8181-4C24-B996-531091F32350}.AppStore|iPhoneSimulator.Build.0 = AppStore|iPhoneSimulator
		{AA34C7CE-8181-4C24-B996-531091F32350}.AppStore|x64.ActiveCfg = AppStore|iPhone
		{AA34C7CE-8181-4C24-B996-531091F32350}.AppStore|x86.ActiveCfg = AppStore|iPhone
		{AA34C7CE-8181-4C24-B996-531091F32350}.Debug|Any CPU.ActiveCfg = Debug|iPhone
		{AA34C7CE-8181-4C24-B996-531091F32350}.Debug|ARM.ActiveCfg = Debug|iPhone
		{AA34C7CE-8181-4C24-B996-531091F32350}.Debug|iPhone.ActiveCfg = Debug|iPhone
		{AA34C7CE-8181-4C24-B996-531091F32350}.Debug|iPhone.Build.0 = Debug|iPhone
		{AA34C7CE-8181-4C24-B996-531091F32350}.Debug|iPhoneSimulator.ActiveCfg = Debug|iPhoneSimulator
		{AA34C7CE-8181-4C24-B996-531091F32350}.Debug|iPhoneSimulator.Build.0 = Debug|iPhoneSimulator
		{AA34C7CE-8181-4C24-B996-531091F32350}.Debug|x64.ActiveCfg = Debug|iPhone
		{AA34C7CE-8181-4C24-B996-531091F32350}.Debug|x86.ActiveCfg = Debug|iPhone
		{AA34C7CE-8181-4C24-B996-531091F32350}.Release|Any CPU.ActiveCfg = Release|iPhone
		{AA34C7CE-8181-4C24-B996-531091F32350}.Release|ARM.ActiveCfg = Release|iPhone
		{AA34C7CE-8181-4C24-B996-531091F32350}.Release|iPhone.ActiveCfg = Release|iPhone
		{AA34C7CE-8181-4C24-B996-531091F32350}.Release|iPhone.Build.0 = Release|iPhone
		{AA34C7CE-8181-4C24-B996-531091F32350}.Release|iPhoneSimulator.ActiveCfg = Release|iPhoneSimulator
		{AA34C7CE-8181-4C24-B996-531091F32350}.Release|iPhoneSimulator.Build.0 = Release|iPhoneSimulator
		{AA34C7CE-8181-4C24-B996-531091F32350}.Release|x64.ActiveCfg = Release|iPhone
		{AA34C7CE-8181-4C24-B996-531091F32350}.Release|x86.ActiveCfg = Release|iPhone
		{60FB2BB9-6CB9-4E53-BA1A-81E1836BE4A0}.Ad-Hoc|Any CPU.ActiveCfg = Release|x86
		{60FB2BB9-6CB9-4E53-BA1A-81E1836BE4A0}.Ad-Hoc|Any CPU.Build.0 = Release|x86
		{60FB2BB9-6CB9-4E53-BA1A-81E1836BE4A0}.Ad-Hoc|Any CPU.Deploy.0 = Release|x86
		{60FB2BB9-6CB9-4E53-BA1A-81E1836BE4A0}.Ad-Hoc|ARM.ActiveCfg = Release|ARM
		{60FB2BB9-6CB9-4E53-BA1A-81E1836BE4A0}.Ad-Hoc|ARM.Build.0 = Release|ARM
		{60FB2BB9-6CB9-4E53-BA1A-81E1836BE4A0}.Ad-Hoc|ARM.Deploy.0 = Release|ARM
		{60FB2BB9-6CB9-4E53-BA1A-81E1836BE4A0}.Ad-Hoc|iPhone.ActiveCfg = Release|x86
		{60FB2BB9-6CB9-4E53-BA1A-81E1836BE4A0}.Ad-Hoc|iPhone.Build.0 = Release|x86
		{60FB2BB9-6CB9-4E53-BA1A-81E1836BE4A0}.Ad-Hoc|iPhone.Deploy.0 = Release|x86
		{60FB2BB9-6CB9-4E53-BA1A-81E1836BE4A0}.Ad-Hoc|iPhoneSimulator.ActiveCfg = Release|x86
		{60FB2BB9-6CB9-4E53-BA1A-81E1836BE4A0}.Ad-Hoc|iPhoneSimulator.Build.0 = Release|x86
		{60FB2BB9-6CB9-4E53-BA1A-81E1836BE4A0}.Ad-Hoc|iPhoneSimulator.Deploy.0 = Release|x86
		{60FB2BB9-6CB9-4E53-BA1A-81E1836BE4A0}.Ad-Hoc|x64.ActiveCfg = Release|x64
		{60FB2BB9-6CB9-4E53-BA1A-81E1836BE4A0}.Ad-Hoc|x64.Build.0 = Release|x64
		{60FB2BB9-6CB9-4E53-BA1A-81E1836BE4A0}.Ad-Hoc|x64.Deploy.0 = Release|x64
		{60FB2BB9-6CB9-4E53-BA1A-81E1836BE4A0}.Ad-Hoc|x86.ActiveCfg = Release|x86
		{60FB2BB9-6CB9-4E53-BA1A-81E1836BE4A0}.Ad-Hoc|x86.Build.0 = Release|x86
		{60FB2BB9-6CB9-4E53-BA1A-81E1836BE4A0}.Ad-Hoc|x86.Deploy.0 = Release|x86
		{60FB2BB9-6CB9-4E53-BA1A-81E1836BE4A0}.AppStore|Any CPU.ActiveCfg = Release|x86
		{60FB2BB9-6CB9-4E53-BA1A-81E1836BE4A0}.AppStore|Any CPU.Build.0 = Release|x86
		{60FB2BB9-6CB9-4E53-BA1A-81E1836BE4A0}.AppStore|Any CPU.Deploy.0 = Release|x86
		{60FB2BB9-6CB9-4E53-BA1A-81E1836BE4A0}.AppStore|ARM.ActiveCfg = Release|ARM
		{60FB2BB9-6CB9-4E53-BA1A-81E1836BE4A0}.AppStore|ARM.Build.0 = Release|ARM
		{60FB2BB9-6CB9-4E53-BA1A-81E1836BE4A0}.AppStore|ARM.Deploy.0 = Release|ARM
		{60FB2BB9-6CB9-4E53-BA1A-81E1836BE4A0}.AppStore|iPhone.ActiveCfg = Release|x86
		{60FB2BB9-6CB9-4E53-BA1A-81E1836BE4A0}.AppStore|iPhone.Build.0 = Release|x86
		{60FB2BB9-6CB9-4E53-BA1A-81E1836BE4A0}.AppStore|iPhone.Deploy.0 = Release|x86
		{60FB2BB9-6CB9-4E53-BA1A-81E1836BE4A0}.AppStore|iPhoneSimulator.ActiveCfg = Release|x86
		{60FB2BB9-6CB9-4E53-BA1A-81E1836BE4A0}.AppStore|iPhoneSimulator.Build.0 = Release|x86
		{60FB2BB9-6CB9-4E53-BA1A-81E1836BE4A0}.AppStore|iPhoneSimulator.Deploy.0 = Release|x86
		{60FB2BB9-6CB9-4E53-BA1A-81E1836BE4A0}.AppStore|x64.ActiveCfg = Release|x64
		{60FB2BB9-6CB9-4E53-BA1A-81E1836BE4A0}.AppStore|x64.Build.0 = Release|x64
		{60FB2BB9-6CB9-4E53-BA1A-81E1836BE4A0}.AppStore|x64.Deploy.0 = Release|x64
		{60FB2BB9-6CB9-4E53-BA1A-81E1836BE4A0}.AppStore|x86.ActiveCfg = Release|x86
		{60FB2BB9-6CB9-4E53-BA1A-81E1836BE4A0}.AppStore|x86.Build.0 = Release|x86
		{60FB2BB9-6CB9-4E53-BA1A-81E1836BE4A0}.AppStore|x86.Deploy.0 = Release|x86
		{60FB2BB9-6CB9-4E53-BA1A-81E1836BE4A0}.Debug|Any CPU.ActiveCfg = Debug|x86
		{60FB2BB9-6CB9-4E53-BA1A-81E1836BE4A0}.Debug|ARM.ActiveCfg = Debug|ARM
		{60FB2BB9-6CB9-4E53-BA1A-81E1836BE4A0}.Debug|ARM.Build.0 = Debug|ARM
		{60FB2BB9-6CB9-4E53-BA1A-81E1836BE4A0}.Debug|ARM.Deploy.0 = Debug|ARM
		{60FB2BB9-6CB9-4E53-BA1A-81E1836BE4A0}.Debug|iPhone.ActiveCfg = Debug|x86
		{60FB2BB9-6CB9-4E53-BA1A-81E1836BE4A0}.Debug|iPhoneSimulator.ActiveCfg = Debug|x86
		{60FB2BB9-6CB9-4E53-BA1A-81E1836BE4A0}.Debug|x64.ActiveCfg = Debug|x64
		{60FB2BB9-6CB9-4E53-BA1A-81E1836BE4A0}.Debug|x64.Build.0 = Debug|x64
		{60FB2BB9-6CB9-4E53-BA1A-81E1836BE4A0}.Debug|x64.Deploy.0 = Debug|x64
		{60FB2BB9-6CB9-4E53-BA1A-81E1836BE4A0}.Debug|x86.ActiveCfg = Debug|x86
		{60FB2BB9-6CB9-4E53-BA1A-81E1836BE4A0}.Debug|x86.Build.0 = Debug|x86
		{60FB2BB9-6CB9-4E53-BA1A-81E1836BE4A0}.Debug|x86.Deploy.0 = Debug|x86
		{60FB2BB9-6CB9-4E53-BA1A-81E1836BE4A0}.Release|Any CPU.ActiveCfg = Release|x86
		{60FB2BB9-6CB9-4E53-BA1A-81E1836BE4A0}.Release|ARM.ActiveCfg = Release|ARM
		{60FB2BB9-6CB9-4E53-BA1A-81E1836BE4A0}.Release|ARM.Build.0 = Release|ARM
		{60FB2BB9-6CB9-4E53-BA1A-81E1836BE4A0}.Release|ARM.Deploy.0 = Release|ARM
		{60FB2BB9-6CB9-4E53-BA1A-81E1836BE4A0}.Release|iPhone.ActiveCfg = Release|x86
		{60FB2BB9-6CB9-4E53-BA1A-81E1836BE4A0}.Release|iPhoneSimulator.ActiveCfg = Release|x86
		{60FB2BB9-6CB9-4E53-BA1A-81E1836BE4A0}.Release|x64.ActiveCfg = Release|x64
		{60FB2BB9-6CB9-4E53-BA1A-81E1836BE4A0}.Release|x64.Build.0 = Release|x64
		{60FB2BB9-6CB9-4E53-BA1A-81E1836BE4A0}.Release|x64.Deploy.0 = Release|x64
		{60FB2BB9-6CB9-4E53-BA1A-81E1836BE4A0}.Release|x86.ActiveCfg = Release|x86
		{60FB2BB9-6CB9-4E53-BA1A-81E1836BE4A0}.Release|x86.Build.0 = Release|x86
		{60FB2BB9-6CB9-4E53-BA1A-81E1836BE4A0}.Release|x86.Deploy.0 = Release|x86
		{406E6941-62AA-45D7-B60B-0E184895F05D}.Ad-Hoc|Any CPU.ActiveCfg = Debug|Any CPU
		{406E6941-62AA-45D7-B60B-0E184895F05D}.Ad-Hoc|Any CPU.Build.0 = Debug|Any CPU
		{406E6941-62AA-45D7-B60B-0E184895F05D}.Ad-Hoc|ARM.ActiveCfg = Debug|Any CPU
		{406E6941-62AA-45D7-B60B-0E184895F05D}.Ad-Hoc|ARM.Build.0 = Debug|Any CPU
		{406E6941-62AA-45D7-B60B-0E184895F05D}.Ad-Hoc|iPhone.ActiveCfg = Debug|Any CPU
		{406E6941-62AA-45D7-B60B-0E184895F05D}.Ad-Hoc|iPhone.Build.0 = Debug|Any CPU
		{406E6941-62AA-45D7-B60B-0E184895F05D}.Ad-Hoc|iPhoneSimulator.ActiveCfg = Debug|Any CPU
		{406E6941-62AA-45D7-B60B-0E184895F05D}.Ad-Hoc|iPhoneSimulator.Build.0 = Debug|Any CPU
		{406E6941-62AA-45D7-B60B-0E184895F05D}.Ad-Hoc|x64.ActiveCfg = Debug|Any CPU
		{406E6941-62AA-45D7-B60B-0E184895F05D}.Ad-Hoc|x64.Build.0 = Debug|Any CPU
		{406E6941-62AA-45D7-B60B-0E184895F05D}.Ad-Hoc|x86.ActiveCfg = Debug|Any CPU
		{406E6941-62AA-45D7-B60B-0E184895F05D}.Ad-Hoc|x86.Build.0 = Debug|Any CPU
		{406E6941-62AA-45D7-B60B-0E184895F05D}.AppStore|Any CPU.ActiveCfg = Debug|Any CPU
		{406E6941-62AA-45D7-B60B-0E184895F05D}.AppStore|Any CPU.Build.0 = Debug|Any CPU
		{406E6941-62AA-45D7-B60B-0E184895F05D}.AppStore|ARM.ActiveCfg = Debug|Any CPU
		{406E6941-62AA-45D7-B60B-0E184895F05D}.AppStore|ARM.Build.0 = Debug|Any CPU
		{406E6941-62AA-45D7-B60B-0E184895F05D}.AppStore|iPhone.ActiveCfg = Debug|Any CPU
		{406E6941-62AA-45D7-B60B-0E184895F05D}.AppStore|iPhone.Build.0 = Debug|Any CPU
		{406E6941-62AA-45D7-B60B-0E184895F05D}.AppStore|iPhoneSimulator.ActiveCfg = Debug|Any CPU
		{406E6941-62AA-45D7-B60B-0E184895F05D}.AppStore|iPhoneSimulator.Build.0 = Debug|Any CPU
		{406E6941-62AA-45D7-B60B-0E184895F05D}.AppStore|x64.ActiveCfg = Debug|Any CPU
		{406E6941-62AA-45D7-B60B-0E184895F05D}.AppStore|x64.Build.0 = Debug|Any CPU
		{406E6941-62AA-45D7-B60B-0E184895F05D}.AppStore|x86.ActiveCfg = Debug|Any CPU
		{406E6941-62AA-45D7-B60B-0E184895F05D}.AppStore|x86.Build.0 = Debug|Any CPU
		{406E6941-62AA-45D7-B60B-0E184895F05D}.Debug|Any CPU.ActiveCfg = Debug|Any CPU
		{406E6941-62AA-45D7-B60B-0E184895F05D}.Debug|Any CPU.Build.0 = Debug|Any CPU
		{406E6941-62AA-45D7-B60B-0E184895F05D}.Debug|ARM.ActiveCfg = Debug|Any CPU
		{406E6941-62AA-45D7-B60B-0E184895F05D}.Debug|ARM.Build.0 = Debug|Any CPU
		{406E6941-62AA-45D7-B60B-0E184895F05D}.Debug|iPhone.ActiveCfg = Debug|Any CPU
		{406E6941-62AA-45D7-B60B-0E184895F05D}.Debug|iPhone.Build.0 = Debug|Any CPU
		{406E6941-62AA-45D7-B60B-0E184895F05D}.Debug|iPhoneSimulator.ActiveCfg = Debug|Any CPU
		{406E6941-62AA-45D7-B60B-0E184895F05D}.Debug|iPhoneSimulator.Build.0 = Debug|Any CPU
		{406E6941-62AA-45D7-B60B-0E184895F05D}.Debug|x64.ActiveCfg = Debug|Any CPU
		{406E6941-62AA-45D7-B60B-0E184895F05D}.Debug|x64.Build.0 = Debug|Any CPU
		{406E6941-62AA-45D7-B60B-0E184895F05D}.Debug|x86.ActiveCfg = Debug|Any CPU
		{406E6941-62AA-45D7-B60B-0E184895F05D}.Debug|x86.Build.0 = Debug|Any CPU
		{406E6941-62AA-45D7-B60B-0E184895F05D}.Release|Any CPU.ActiveCfg = Release|Any CPU
		{406E6941-62AA-45D7-B60B-0E184895F05D}.Release|Any CPU.Build.0 = Release|Any CPU
		{406E6941-62AA-45D7-B60B-0E184895F05D}.Release|ARM.ActiveCfg = Release|Any CPU
		{406E6941-62AA-45D7-B60B-0E184895F05D}.Release|ARM.Build.0 = Release|Any CPU
		{406E6941-62AA-45D7-B60B-0E184895F05D}.Release|iPhone.ActiveCfg = Release|Any CPU
		{406E6941-62AA-45D7-B60B-0E184895F05D}.Release|iPhone.Build.0 = Release|Any CPU
		{406E6941-62AA-45D7-B60B-0E184895F05D}.Release|iPhoneSimulator.ActiveCfg = Release|Any CPU
		{406E6941-62AA-45D7-B60B-0E184895F05D}.Release|iPhoneSimulator.Build.0 = Release|Any CPU
		{406E6941-62AA-45D7-B60B-0E184895F05D}.Release|x64.ActiveCfg = Release|Any CPU
		{406E6941-62AA-45D7-B60B-0E184895F05D}.Release|x64.Build.0 = Release|Any CPU
		{406E6941-62AA-45D7-B60B-0E184895F05D}.Release|x86.ActiveCfg = Release|Any CPU
		{406E6941-62AA-45D7-B60B-0E184895F05D}.Release|x86.Build.0 = Release|Any CPU
	EndGlobalSection
	GlobalSection(SolutionProperties) = preSolution
		HideSolutionNode = FALSE
	EndGlobalSection
	GlobalSection(ExtensibilityGlobals) = postSolution
		SolutionGuid = {06B19CEA-9F0F-4EBA-9BDD-1188CCD38347}
	EndGlobalSection
EndGlobal
